Microsoft Visual Studio Solution File, Format Version 12.00
# Visual Studio Version 17
VisualStudioVersion = 17.5.2.0
MinimumVisualStudioVersion = 10.0.40219.1
Project("{2150E333-8FDC-42A3-9474-1A3956D46DE8}") = "remix-dotnet-signalr-starter", "remix-dotnet-signalr-starter", "{02C6AB9A-FBD6-8B76-C51A-37868E8675B2}"
EndProject
Project("{FAE04EC0-301F-11D3-BF4B-00C04F79EFBC}") = "DotnetSignalR", "remix-dotnet-signalr-starter\dotnet-signalr\DotnetSignalR.csproj", "{402D53CB-40B1-921F-54E1-15C95B343245}"
EndProject
Global
	GlobalSection(SolutionConfigurationPlatforms) = preSolution
		Debug|Any CPU = Debug|Any CPU
		Release|Any CPU = Release|Any CPU
	EndGlobalSection
	GlobalSection(ProjectConfigurationPlatforms) = postSolution
		{402D53CB-40B1-921F-54E1-15C95B343245}.Debug|Any CPU.ActiveCfg = Debug|Any CPU
		{402D53CB-40B1-921F-54E1-15C95B343245}.Debug|Any CPU.Build.0 = Debug|Any CPU
		{402D53CB-40B1-921F-54E1-15C95B343245}.Release|Any CPU.ActiveCfg = Release|Any CPU
		{402D53CB-40B1-921F-54E1-15C95B343245}.Release|Any CPU.Build.0 = Release|Any CPU
	EndGlobalSection
	GlobalSection(SolutionProperties) = preSolution
		HideSolutionNode = FALSE
	EndGlobalSection
	GlobalSection(NestedProjects) = preSolution
		{402D53CB-40B1-921F-54E1-15C95B343245} = {02C6AB9A-FBD6-8B76-C51A-37868E8675B2}
	EndGlobalSection
	GlobalSection(ExtensibilityGlobals) = postSolution
		SolutionGuid = {34679B6C-EF6A-455F-B5BF-89B573A65D8C}
	EndGlobalSection
EndGlobal
